
Microsoft Visual Studio Solution File, Format Version 12.00
# Visual Studio 2013
VisualStudioVersion = 12.0.40629.0
MinimumVisualStudioVersion = 10.0.40219.1
Project("{8BC9CEB8-8B4A-11D0-8D11-00A0C91BC942}") = "SampleCPP", "SampleCPP\SampleCPP.vcxproj", "{AE3BCB9B-A352-40DD-BBEE-FC96B62A127B}"
EndProject
Project("{8BC9CEB8-8B4A-11D0-8D11-00A0C91BC942}") = "AVPlayer", "AVPlayer\AVPlayer.vcxproj", "{93846B79-B9B2-46FB-99B3-03D534CDA940}"
EndProject
Project("{FAE04EC0-301F-11D3-BF4B-00C04F79EFBC}") = "SampleCS", "SampleCS\SampleCS.csproj", "{50D04C40-081D-4EA0-B933-2F5A2991CE44}"
EndProject
Project("{8BC9CEB8-8B4A-11D0-8D11-00A0C91BC942}") = "RTSPSample", "RTSPSample\RTSPSample.vcxproj", "{D7070731-2A53-4D47-88A5-BCAA600AEF9E}"
EndProject
Project("{8BC9CEB8-8B4A-11D0-8D11-00A0C91BC942}") = "RTSP", "rtsp\RTSP.vcxproj", "{D8C44697-88C2-48E3-959D-A838841755B6}"
EndProject
Project("{8BC9CEB8-8B4A-11D0-8D11-00A0C91BC942}") = "UpdateOCXClass", "UpdateOCXClass\UpdateOCXClass.vcxproj", "{2C85EBE7-C0D0-4F3A-8BBD-71C09FDD173F}"
EndProject
Global
	GlobalSection(SolutionConfigurationPlatforms) = preSolution
		Debug|Any CPU = Debug|Any CPU
		Debug|Mixed Platforms = Debug|Mixed Platforms
		Debug|Win32 = Debug|Win32
		Release_SVAC|Any CPU = Release_SVAC|Any CPU
		Release_SVAC|Mixed Platforms = Release_SVAC|Mixed Platforms
		Release_SVAC|Win32 = Release_SVAC|Win32
		Release|Any CPU = Release|Any CPU
		Release|Mixed Platforms = Release|Mixed Platforms
		Release|Win32 = Release|Win32
	EndGlobalSection
	GlobalSection(ProjectConfigurationPlatforms) = postSolution
		{AE3BCB9B-A352-40DD-BBEE-FC96B62A127B}.Debug|Any CPU.ActiveCfg = Debug|Win32
		{AE3BCB9B-A352-40DD-BBEE-FC96B62A127B}.Debug|Mixed Platforms.ActiveCfg = Debug|Win32
		{AE3BCB9B-A352-40DD-BBEE-FC96B62A127B}.Debug|Mixed Platforms.Build.0 = Debug|Win32
		{AE3BCB9B-A352-40DD-BBEE-FC96B62A127B}.Debug|Win32.ActiveCfg = Debug|Win32
		{AE3BCB9B-A352-40DD-BBEE-FC96B62A127B}.Debug|Win32.Build.0 = Debug|Win32
		{AE3BCB9B-A352-40DD-BBEE-FC96B62A127B}.Release_SVAC|Any CPU.ActiveCfg = Release|Win32
		{AE3BCB9B-A352-40DD-BBEE-FC96B62A127B}.Release_SVAC|Mixed Platforms.ActiveCfg = Release|Win32
		{AE3BCB9B-A352-40DD-BBEE-FC96B62A127B}.Release_SVAC|Mixed Platforms.Build.0 = Release|Win32
		{AE3BCB9B-A352-40DD-BBEE-FC96B62A127B}.Release_SVAC|Win32.ActiveCfg = Release|Win32
		{AE3BCB9B-A352-40DD-BBEE-FC96B62A127B}.Release_SVAC|Win32.Build.0 = Release|Win32
		{AE3BCB9B-A352-40DD-BBEE-FC96B62A127B}.Release|Any CPU.ActiveCfg = Release|Win32
		{AE3BCB9B-A352-40DD-BBEE-FC96B62A127B}.Release|Mixed Platforms.ActiveCfg = Release|Win32
		{AE3BCB9B-A352-40DD-BBEE-FC96B62A127B}.Release|Mixed Platforms.Build.0 = Release|Win32
		{AE3BCB9B-A352-40DD-BBEE-FC96B62A127B}.Release|Win32.ActiveCfg = Release|Win32
		{AE3BCB9B-A352-40DD-BBEE-FC96B62A127B}.Release|Win32.Build.0 = Release|Win32
		{93846B79-B9B2-46FB-99B3-03D534CDA940}.Debug|Any CPU.ActiveCfg = Debug|Win32
		{93846B79-B9B2-46FB-99B3-03D534CDA940}.Debug|Mixed Platforms.ActiveCfg = Debug|Win32
		{93846B79-B9B2-46FB-99B3-03D534CDA940}.Debug|Mixed Platforms.Build.0 = Debug|Win32
		{93846B79-B9B2-46FB-99B3-03D534CDA940}.Debug|Win32.ActiveCfg = Debug|Win32
		{93846B79-B9B2-46FB-99B3-03D534CDA940}.Debug|Win32.Build.0 = Debug|Win32
		{93846B79-B9B2-46FB-99B3-03D534CDA940}.Release_SVAC|Any CPU.ActiveCfg = Release|Win32
		{93846B79-B9B2-46FB-99B3-03D534CDA940}.Release_SVAC|Mixed Platforms.ActiveCfg = Release|Win32
		{93846B79-B9B2-46FB-99B3-03D534CDA940}.Release_SVAC|Mixed Platforms.Build.0 = Release|Win32
		{93846B79-B9B2-46FB-99B3-03D534CDA940}.Release_SVAC|Win32.ActiveCfg = Release|Win32
		{93846B79-B9B2-46FB-99B3-03D534CDA940}.Release_SVAC|Win32.Build.0 = Release|Win32
		{93846B79-B9B2-46FB-99B3-03D534CDA940}.Release|Any CPU.ActiveCfg = Release|Win32
		{93846B79-B9B2-46FB-99B3-03D534CDA940}.Release|Mixed Platforms.ActiveCfg = Release|Win32
		{93846B79-B9B2-46FB-99B3-03D534CDA940}.Release|Mixed Platforms.Build.0 = Release|Win32
		{93846B79-B9B2-46FB-99B3-03D534CDA940}.Release|Win32.ActiveCfg = Release|Win32
		{93846B79-B9B2-46FB-99B3-03D534CDA940}.Release|Win32.Build.0 = Release|Win32
		{50D04C40-081D-4EA0-B933-2F5A2991CE44}.Debug|Any CPU.ActiveCfg = Debug|Any CPU
		{50D04C40-081D-4EA0-B933-2F5A2991CE44}.Debug|Any CPU.Build.0 = Debug|Any CPU
		{50D04C40-081D-4EA0-B933-2F5A2991CE44}.Debug|Mixed Platforms.ActiveCfg = Debug|Any CPU
		{50D04C40-081D-4EA0-B933-2F5A2991CE44}.Debug|Mixed Platforms.Build.0 = Debug|Any CPU
		{50D04C40-081D-4EA0-B933-2F5A2991CE44}.Debug|Win32.ActiveCfg = Debug|Any CPU
		{50D04C40-081D-4EA0-B933-2F5A2991CE44}.Debug|Win32.Build.0 = Debug|Any CPU
		{50D04C40-081D-4EA0-B933-2F5A2991CE44}.Release_SVAC|Any CPU.ActiveCfg = Release|Any CPU
		{50D04C40-081D-4EA0-B933-2F5A2991CE44}.Release_SVAC|Any CPU.Build.0 = Release|Any CPU
		{50D04C40-081D-4EA0-B933-2F5A2991CE44}.Release_SVAC|Mixed Platforms.ActiveCfg = Release|Any CPU
		{50D04C40-081D-4EA0-B933-2F5A2991CE44}.Release_SVAC|Mixed Platforms.Build.0 = Release|Any CPU
		{50D04C40-081D-4EA0-B933-2F5A2991CE44}.Release_SVAC|Win32.ActiveCfg = Release|Any CPU
		{50D04C40-081D-4EA0-B933-2F5A2991CE44}.Release|Any CPU.ActiveCfg = Release|Any CPU
		{50D04C40-081D-4EA0-B933-2F5A2991CE44}.Release|Any CPU.Build.0 = Release|Any CPU
		{50D04C40-081D-4EA0-B933-2F5A2991CE44}.Release|Mixed Platforms.ActiveCfg = Release|Any CPU
		{50D04C40-081D-4EA0-B933-2F5A2991CE44}.Release|Mixed Platforms.Build.0 = Release|Any CPU
		{50D04C40-081D-4EA0-B933-2F5A2991CE44}.Release|Win32.ActiveCfg = Release|Any CPU
		{50D04C40-081D-4EA0-B933-2F5A2991CE44}.Release|Win32.Build.0 = Release|Any CPU
		{D7070731-2A53-4D47-88A5-BCAA600AEF9E}.Debug|Any CPU.ActiveCfg = Debug|Win32
		{D7070731-2A53-4D47-88A5-BCAA600AEF9E}.Debug|Mixed Platforms.ActiveCfg = Debug|Win32
		{D7070731-2A53-4D47-88A5-BCAA600AEF9E}.Debug|Mixed Platforms.Build.0 = Debug|Win32
		{D7070731-2A53-4D47-88A5-BCAA600AEF9E}.Debug|Win32.ActiveCfg = Debug|Win32
		{D7070731-2A53-4D47-88A5-BCAA600AEF9E}.Debug|Win32.Build.0 = Debug|Win32
		{D7070731-2A53-4D47-88A5-BCAA600AEF9E}.Release_SVAC|Any CPU.ActiveCfg = Release|Win32
		{D7070731-2A53-4D47-88A5-BCAA600AEF9E}.Release_SVAC|Mixed Platforms.ActiveCfg = Release|Win32
		{D7070731-2A53-4D47-88A5-BCAA600AEF9E}.Release_SVAC|Mixed Platforms.Build.0 = Release|Win32
		{D7070731-2A53-4D47-88A5-BCAA600AEF9E}.Release_SVAC|Win32.ActiveCfg = Release|Win32
		{D7070731-2A53-4D47-88A5-BCAA600AEF9E}.Release_SVAC|Win32.Build.0 = Release|Win32
		{D7070731-2A53-4D47-88A5-BCAA600AEF9E}.Release|Any CPU.ActiveCfg = Release|Win32
		{D7070731-2A53-4D47-88A5-BCAA600AEF9E}.Release|Mixed Platforms.ActiveCfg = Release|Win32
		{D7070731-2A53-4D47-88A5-BCAA600AEF9E}.Release|Mixed Platforms.Build.0 = Release|Win32
		{D7070731-2A53-4D47-88A5-BCAA600AEF9E}.Release|Win32.ActiveCfg = Release|Win32
		{D7070731-2A53-4D47-88A5-BCAA600AEF9E}.Release|Win32.Build.0 = Release|Win32
		{D8C44697-88C2-48E3-959D-A838841755B6}.Debug|Any CPU.ActiveCfg = Debug|Win32
		{D8C44697-88C2-48E3-959D-A838841755B6}.Debug|Mixed Platforms.ActiveCfg = Debug|Win32
		{D8C44697-88C2-48E3-959D-A838841755B6}.Debug|Mixed Platforms.Build.0 = Debug|Win32
		{D8C44697-88C2-48E3-959D-A838841755B6}.Debug|Win32.ActiveCfg = Debug|Win32
		{D8C44697-88C2-48E3-959D-A838841755B6}.Debug|Win32.Build.0 = Debug|Win32
		{D8C44697-88C2-48E3-959D-A838841755B6}.Release_SVAC|Any CPU.ActiveCfg = Release_SVAC|Win32
		{D8C44697-88C2-48E3-959D-A838841755B6}.Release_SVAC|Mixed Platforms.ActiveCfg = Release_SVAC|Win32
		{D8C44697-88C2-48E3-959D-A838841755B6}.Release_SVAC|Mixed Platforms.Build.0 = Release_SVAC|Win32
		{D8C44697-88C2-48E3-959D-A838841755B6}.Release_SVAC|Win32.ActiveCfg = Release_SVAC|Win32
		{D8C44697-88C2-48E3-959D-A838841755B6}.Release_SVAC|Win32.Build.0 = Release_SVAC|Win32
		{D8C44697-88C2-48E3-959D-A838841755B6}.Release|Any CPU.ActiveCfg = Release|Win32
		{D8C44697-88C2-48E3-959D-A838841755B6}.Release|Mixed Platforms.ActiveCfg = Release|Win32
		{D8C44697-88C2-48E3-959D-A838841755B6}.Release|Mixed Platforms.Build.0 = Release|Win32
		{D8C44697-88C2-48E3-959D-A838841755B6}.Release|Win32.ActiveCfg = Release|Win32
		{D8C44697-88C2-48E3-959D-A838841755B6}.Release|Win32.Build.0 = Release|Win32
		{2C85EBE7-C0D0-4F3A-8BBD-71C09FDD173F}.Debug|Any CPU.ActiveCfg = Debug|Win32
		{2C85EBE7-C0D0-4F3A-8BBD-71C09FDD173F}.Debug|Mixed Platforms.ActiveCfg = Debug|Win32
		{2C85EBE7-C0D0-4F3A-8BBD-71C09FDD173F}.Debug|Mixed Platforms.Build.0 = Debug|Win32
		{2C85EBE7-C0D0-4F3A-8BBD-71C09FDD173F}.Debug|Win32.ActiveCfg = Debug|Win32
		{2C85EBE7-C0D0-4F3A-8BBD-71C09FDD173F}.Debug|Win32.Build.0 = Debug|Win32
		{2C85EBE7-C0D0-4F3A-8BBD-71C09FDD173F}.Release_SVAC|Any CPU.ActiveCfg = Release|Win32
		{2C85EBE7-C0D0-4F3A-8BBD-71C09FDD173F}.Release_SVAC|Mixed Platforms.ActiveCfg = Release|Win32
		{2C85EBE7-C0D0-4F3A-8BBD-71C09FDD173F}.Release_SVAC|Mixed Platforms.Build.0 = Release|Win32
		{2C85EBE7-C0D0-4F3A-8BBD-71C09FDD173F}.Release_SVAC|Win32.ActiveCfg = Release|Win32
		{2C85EBE7-C0D0-4F3A-8BBD-71C09FDD173F}.Release_SVAC|Win32.Build.0 = Release|Win32
		{2C85EBE7-C0D0-4F3A-8BBD-71C09FDD173F}.Release|Any CPU.ActiveCfg = Release|Win32
		{2C85EBE7-C0D0-4F3A-8BBD-71C09FDD173F}.Release|Mixed Platforms.ActiveCfg = Release|Win32
		{2C85EBE7-C0D0-4F3A-8BBD-71C09FDD173F}.Release|Mixed Platforms.Build.0 = Release|Win32
		{2C85EBE7-C0D0-4F3A-8BBD-71C09FDD173F}.Release|Win32.ActiveCfg = Release|Win32
		{2C85EBE7-C0D0-4F3A-8BBD-71C09FDD173F}.Release|Win32.Build.0 = Release|Win32
	EndGlobalSection
	GlobalSection(SolutionProperties) = preSolution
		HideSolutionNode = FALSE
	EndGlobalSection
	GlobalSection(ExtensibilityGlobals) = postSolution
		SolutionGuid = {4886D8B4-0532-4C42-B3D7-40958A4C673F}
	EndGlobalSection
EndGlobal
