
Microsoft Visual Studio Solution File, Format Version 12.00
# Visual Studio 2013
VisualStudioVersion = 12.0.40629.0
MinimumVisualStudioVersion = 10.0.40219.1
Project("{8BC9CEB8-8B4A-11D0-8D11-00A0C91BC942}") = "SampleCPP", "SampleCPP\SampleCPP.vcxproj", "{AE3BCB9B-A352-40DD-BBEE-FC96B62A127B}"
EndProject
Project("{8BC9CEB8-8B4A-11D0-8D11-00A0C91BC942}") = "AVPlayer", "AVPlayer\AVPlayer.vcxproj", "{93846B79-B9B2-46FB-99B3-03D534CDA940}"
EndProject
Project("{FAE04EC0-301F-11D3-BF4B-00C04F79EFBC}") = "SampleCS", "SampleCS\SampleCS.csproj", "{50D04C40-081D-4EA0-B933-2F5A2991CE44}"
EndProject
Project("{8BC9CEB8-8B4A-11D0-8D11-00A0C91BC942}") = "UpdateOCXClass", "UpdateOCXClass\UpdateOCXClass.vcxproj", "{DB0D265E-C2C2-4D38-BBBD-0DA23EFAAA38}"
EndProject
Global
	GlobalSection(SolutionConfigurationPlatforms) = preSolution
		Debug|Any CPU = Debug|Any CPU
		Debug|Mixed Platforms = Debug|Mixed Platforms
		Debug|Win32 = Debug|Win32
		Release|Any CPU = Release|Any CPU
		Release|Mixed Platforms = Release|Mixed Platforms
		Release|Win32 = Release|Win32
	EndGlobalSection
	GlobalSection(ProjectConfigurationPlatforms) = postSolution
		{AE3BCB9B-A352-40DD-BBEE-FC96B62A127B}.Debug|Any CPU.ActiveCfg = Debug|Win32
		{AE3BCB9B-A352-40DD-BBEE-FC96B62A127B}.Debug|Mixed Platforms.ActiveCfg = Debug|Win32
		{AE3BCB9B-A352-40DD-BBEE-FC96B62A127B}.Debug|Mixed Platforms.Build.0 = Debug|Win32
		{AE3BCB9B-A352-40DD-BBEE-FC96B62A127B}.Debug|Win32.ActiveCfg = Debug|Win32
		{AE3BCB9B-A352-40DD-BBEE-FC96B62A127B}.Debug|Win32.Build.0 = Debug|Win32
		{AE3BCB9B-A352-40DD-BBEE-FC96B62A127B}.Release|Any CPU.ActiveCfg = Release|Win32
		{AE3BCB9B-A352-40DD-BBEE-FC96B62A127B}.Release|Mixed Platforms.ActiveCfg = Release|Win32
		{AE3BCB9B-A352-40DD-BBEE-FC96B62A127B}.Release|Mixed Platforms.Build.0 = Release|Win32
		{AE3BCB9B-A352-40DD-BBEE-FC96B62A127B}.Release|Win32.ActiveCfg = Release|Win32
		{AE3BCB9B-A352-40DD-BBEE-FC96B62A127B}.Release|Win32.Build.0 = Release|Win32
		{93846B79-B9B2-46FB-99B3-03D534CDA940}.Debug|Any CPU.ActiveCfg = Debug|Win32
		{93846B79-B9B2-46FB-99B3-03D534CDA940}.Debug|Mixed Platforms.ActiveCfg = Debug|Win32
		{93846B79-B9B2-46FB-99B3-03D534CDA940}.Debug|Mixed Platforms.Build.0 = Debug|Win32
		{93846B79-B9B2-46FB-99B3-03D534CDA940}.Debug|Win32.ActiveCfg = Debug|Win32
		{93846B79-B9B2-46FB-99B3-03D534CDA940}.Debug|Win32.Build.0 = Debug|Win32
		{93846B79-B9B2-46FB-99B3-03D534CDA940}.Release|Any CPU.ActiveCfg = Release|Win32
		{93846B79-B9B2-46FB-99B3-03D534CDA940}.Release|Mixed Platforms.ActiveCfg = Release|Win32
		{93846B79-B9B2-46FB-99B3-03D534CDA940}.Release|Mixed Platforms.Build.0 = Release|Win32
		{93846B79-B9B2-46FB-99B3-03D534CDA940}.Release|Win32.ActiveCfg = Release|Win32
		{93846B79-B9B2-46FB-99B3-03D534CDA940}.Release|Win32.Build.0 = Release|Win32
		{50D04C40-081D-4EA0-B933-2F5A2991CE44}.Debug|Any CPU.ActiveCfg = Debug|Any CPU
		{50D04C40-081D-4EA0-B933-2F5A2991CE44}.Debug|Any CPU.Build.0 = Debug|Any CPU
		{50D04C40-081D-4EA0-B933-2F5A2991CE44}.Debug|Mixed Platforms.ActiveCfg = Debug|Any CPU
		{50D04C40-081D-4EA0-B933-2F5A2991CE44}.Debug|Mixed Platforms.Build.0 = Debug|Any CPU
		{50D04C40-081D-4EA0-B933-2F5A2991CE44}.Debug|Win32.ActiveCfg = Debug|Any CPU
		{50D04C40-081D-4EA0-B933-2F5A2991CE44}.Debug|Win32.Build.0 = Debug|Any CPU
		{50D04C40-081D-4EA0-B933-2F5A2991CE44}.Release|Any CPU.ActiveCfg = Release|Any CPU
		{50D04C40-081D-4EA0-B933-2F5A2991CE44}.Release|Any CPU.Build.0 = Release|Any CPU
		{50D04C40-081D-4EA0-B933-2F5A2991CE44}.Release|Mixed Platforms.ActiveCfg = Release|Any CPU
		{50D04C40-081D-4EA0-B933-2F5A2991CE44}.Release|Mixed Platforms.Build.0 = Release|Any CPU
		{50D04C40-081D-4EA0-B933-2F5A2991CE44}.Release|Win32.ActiveCfg = Release|Any CPU
		{50D04C40-081D-4EA0-B933-2F5A2991CE44}.Release|Win32.Build.0 = Release|Any CPU
		{DB0D265E-C2C2-4D38-BBBD-0DA23EFAAA38}.Debug|Any CPU.ActiveCfg = Debug|Win32
		{DB0D265E-C2C2-4D38-BBBD-0DA23EFAAA38}.Debug|Mixed Platforms.ActiveCfg = Debug|Win32
		{DB0D265E-C2C2-4D38-BBBD-0DA23EFAAA38}.Debug|Mixed Platforms.Build.0 = Debug|Win32
		{DB0D265E-C2C2-4D38-BBBD-0DA23EFAAA38}.Debug|Win32.ActiveCfg = Debug|Win32
		{DB0D265E-C2C2-4D38-BBBD-0DA23EFAAA38}.Debug|Win32.Build.0 = Debug|Win32
		{DB0D265E-C2C2-4D38-BBBD-0DA23EFAAA38}.Release|Any CPU.ActiveCfg = Release|Win32
		{DB0D265E-C2C2-4D38-BBBD-0DA23EFAAA38}.Release|Mixed Platforms.ActiveCfg = Release|Win32
		{DB0D265E-C2C2-4D38-BBBD-0DA23EFAAA38}.Release|Mixed Platforms.Build.0 = Release|Win32
		{DB0D265E-C2C2-4D38-BBBD-0DA23EFAAA38}.Release|Win32.ActiveCfg = Release|Win32
		{DB0D265E-C2C2-4D38-BBBD-0DA23EFAAA38}.Release|Win32.Build.0 = Release|Win32
	EndGlobalSection
	GlobalSection(SolutionProperties) = preSolution
		HideSolutionNode = FALSE
	EndGlobalSection
	GlobalSection(ExtensibilityGlobals) = postSolution
		SolutionGuid = {4886D8B4-0532-4C42-B3D7-40958A4C673F}
	EndGlobalSection
EndGlobal
