<?xml version="1.0" encoding="utf-8"?>
<Project ToolsVersion="4.0" xmlns="http://schemas.microsoft.com/developer/msbuild/2003">
  <ItemGroup>
    <Filter Include="Source Files">
      <UniqueIdentifier>{4FC737F1-C7A5-4376-A066-2A32D752A2FF}</UniqueIdentifier>
      <Extensions>cpp;c;cc;cxx;def;odl;idl;hpj;bat;asm;asmx</Extensions>
    </Filter>
    <Filter Include="Header Files">
      <UniqueIdentifier>{93995380-89BD-4b04-88EB-625FBE52EBFB}</UniqueIdentifier>
      <Extensions>h;hpp;hxx;hm;inl;inc;xsd</Extensions>
    </Filter>
    <Filter Include="Resource Files">
      <UniqueIdentifier>{67DA6AB6-F800-4c08-8B7A-83BB121AAD01}</UniqueIdentifier>
      <Extensions>rc;ico;cur;bmp;dlg;rc2;rct;bin;rgs;gif;jpg;jpeg;jpe;resx;tiff;tif;png;wav</Extensions>
    </Filter>
    <Filter Include="Public.inc">
      <UniqueIdentifier>{ba05a5b2-4cac-47fd-973b-0a0ee2d45937}</UniqueIdentifier>
    </Filter>
    <Filter Include="Public.inc\DHStreamParser">
      <UniqueIdentifier>{eff6938f-02b1-4a29-bb24-88199655d9a9}</UniqueIdentifier>
    </Filter>
  </ItemGroup>
  <ItemGroup>
    <ClCompile Include="AVPlayer.cpp">
      <Filter>Source Files</Filter>
    </ClCompile>
    <ClCompile Include="AVPlayerCtrl.cpp">
      <Filter>Source Files</Filter>
    </ClCompile>
    <ClCompile Include="AVPlayerPropPage.cpp">
      <Filter>Source Files</Filter>
    </ClCompile>
    <ClCompile Include="stdafx.cpp">
      <Filter>Source Files</Filter>
    </ClCompile>
    <ClCompile Include="..\include\Markup.cpp">
      <Filter>Public.inc</Filter>
    </ClCompile>
    <ClCompile Include="..\Include\Runlog.cpp">
      <Filter>Public.inc</Filter>
    </ClCompile>
    <ClCompile Include="..\Include\Utility.cpp">
      <Filter>Public.inc</Filter>
    </ClCompile>
    <ClCompile Include="ConfigScreenMode.cpp">
      <Filter>Source Files</Filter>
    </ClCompile>
    <ClCompile Include="ModePreview.cpp">
      <Filter>Source Files</Filter>
    </ClCompile>
    <ClCompile Include="..\include\VideoFrame.cpp">
      <Filter>Public.inc</Filter>
    </ClCompile>
    <ClCompile Include="..\Include\TimeUtility.cpp">
      <Filter>Public.inc</Filter>
    </ClCompile>
    <ClCompile Include="..\DhStreamParser\avistream.cpp">
      <Filter>Public.inc\DHStreamParser</Filter>
    </ClCompile>
    <ClCompile Include="..\DhStreamParser\decSPS.cpp">
      <Filter>Public.inc\DHStreamParser</Filter>
    </ClCompile>
    <ClCompile Include="..\DhStreamParser\dhstdstream.cpp">
      <Filter>Public.inc\DHStreamParser</Filter>
    </ClCompile>
    <ClCompile Include="..\DhStreamParser\DhStreamParser.cpp">
      <Filter>Public.inc\DHStreamParser</Filter>
    </ClCompile>
    <ClCompile Include="..\DhStreamParser\newstream.cpp">
      <Filter>Public.inc\DHStreamParser</Filter>
    </ClCompile>
    <ClCompile Include="..\DhStreamParser\psstream.cpp">
      <Filter>Public.inc\DHStreamParser</Filter>
    </ClCompile>
    <ClCompile Include="..\DhStreamParser\StreamParser.cpp">
      <Filter>Public.inc\DHStreamParser</Filter>
    </ClCompile>
    <ClCompile Include="..\DhStreamParser\svacstream.cpp">
      <Filter>Public.inc\DHStreamParser</Filter>
    </ClCompile>
    <ClCompile Include="..\DhStreamParser\xmstream.cpp">
      <Filter>Public.inc\DHStreamParser</Filter>
    </ClCompile>
  </ItemGroup>
  <ItemGroup>
    <None Include="AVPlayer.def">
      <Filter>Source Files</Filter>
    </None>
  </ItemGroup>
  <ItemGroup>
    <Midl Include="AVPlayer.idl">
      <Filter>Source Files</Filter>
    </Midl>
  </ItemGroup>
  <ItemGroup>
    <ClInclude Include="AVPlayer.h">
      <Filter>Header Files</Filter>
    </ClInclude>
    <ClInclude Include="AVPlayerCtrl.h">
      <Filter>Header Files</Filter>
    </ClInclude>
    <ClInclude Include="AVPlayerPropPage.h">
      <Filter>Header Files</Filter>
    </ClInclude>
    <ClInclude Include="Resource.h">
      <Filter>Header Files</Filter>
    </ClInclude>
    <ClInclude Include="SimpleWnd.h">
      <Filter>Header Files</Filter>
    </ClInclude>
    <ClInclude Include="stdafx.h">
      <Filter>Header Files</Filter>
    </ClInclude>
    <ClInclude Include="targetver.h">
      <Filter>Header Files</Filter>
    </ClInclude>
    <ClInclude Include="..\include\Markup.h">
      <Filter>Public.inc</Filter>
    </ClInclude>
    <ClInclude Include="..\Include\Runlog.h">
      <Filter>Public.inc</Filter>
    </ClInclude>
    <ClInclude Include="..\Include\Utility.h">
      <Filter>Public.inc</Filter>
    </ClInclude>
    <ClInclude Include="ConfigScreenMode.h">
      <Filter>Header Files</Filter>
    </ClInclude>
    <ClInclude Include="ModePreview.h">
      <Filter>Header Files</Filter>
    </ClInclude>
    <ClInclude Include="..\include\VideoFrame.h">
      <Filter>Public.inc</Filter>
    </ClInclude>
    <ClInclude Include="..\Include\TimeUtility.h">
      <Filter>Public.inc</Filter>
    </ClInclude>
    <ClInclude Include="..\include\AutoLock.h">
      <Filter>Public.inc</Filter>
    </ClInclude>
    <ClInclude Include="..\include\CriticalSectionAgent.h">
      <Filter>Public.inc</Filter>
    </ClInclude>
    <ClInclude Include="..\DhStreamParser\avistream.h">
      <Filter>Public.inc\DHStreamParser</Filter>
    </ClInclude>
    <ClInclude Include="..\DhStreamParser\decSPS.h">
      <Filter>Public.inc\DHStreamParser</Filter>
    </ClInclude>
    <ClInclude Include="..\DhStreamParser\dhstdstream.h">
      <Filter>Public.inc\DHStreamParser</Filter>
    </ClInclude>
    <ClInclude Include="..\DhStreamParser\DhStreamParser.h">
      <Filter>Public.inc\DHStreamParser</Filter>
    </ClInclude>
    <ClInclude Include="..\DhStreamParser\FrameList.h">
      <Filter>Public.inc\DHStreamParser</Filter>
    </ClInclude>
    <ClInclude Include="..\DhStreamParser\newstream.h">
      <Filter>Public.inc\DHStreamParser</Filter>
    </ClInclude>
    <ClInclude Include="..\DhStreamParser\psstream.h">
      <Filter>Public.inc\DHStreamParser</Filter>
    </ClInclude>
    <ClInclude Include="..\DhStreamParser\StreamParser.h">
      <Filter>Public.inc\DHStreamParser</Filter>
    </ClInclude>
    <ClInclude Include="..\DhStreamParser\svacstream.h">
      <Filter>Public.inc\DHStreamParser</Filter>
    </ClInclude>
    <ClInclude Include="..\DhStreamParser\xmstream.h">
      <Filter>Public.inc\DHStreamParser</Filter>
    </ClInclude>
    <ClInclude Include="..\include\Stat.h">
      <Filter>Public.inc</Filter>
    </ClInclude>
  </ItemGroup>
  <ItemGroup>
    <Image Include="AVPlayer.ico">
      <Filter>Resource Files</Filter>
    </Image>
    <Image Include="AVPlayerCtrl.bmp">
      <Filter>Resource Files</Filter>
    </Image>
  </ItemGroup>
  <ItemGroup>
    <ResourceCompile Include="AVPlayer.rc">
      <Filter>Resource Files</Filter>
    </ResourceCompile>
  </ItemGroup>
  <ItemGroup>
    <Text Include="ReadMe.txt" />
  </ItemGroup>
</Project>